
Microsoft Visual Studio Solution File, Format Version 12.00
# Visual Studio Version 17
VisualStudioVersion = 17.4.33403.182
MinimumVisualStudioVersion = 10.0.40219.1
Project("{FAE04EC0-301F-11D3-BF4B-00C04F79EFBC}") = "LineComparison", "LineComparison.csproj", "{DC88B939-E2D1-4059-9BFB-3956A67339A4}"
EndProject
Global
	GlobalSection(SolutionConfigurationPlatforms) = preSolution
		Debug|Any CPU = Debug|Any CPU
		Release|Any CPU = Release|Any CPU
	EndGlobalSection
	GlobalSection(ProjectConfigurationPlatforms) = postSolution
		{DC88B939-E2D1-4059-9BFB-3956A67339A4}.Debug|Any CPU.ActiveCfg = Debug|Any CPU
		{DC88B939-E2D1-4059-9BFB-3956A67339A4}.Debug|Any CPU.Build.0 = Debug|Any CPU
		{DC88B939-E2D1-4059-9BFB-3956A67339A4}.Release|Any CPU.ActiveCfg = Release|Any CPU
		{DC88B939-E2D1-4059-9BFB-3956A67339A4}.Release|Any CPU.Build.0 = Release|Any CPU
	EndGlobalSection
	GlobalSection(SolutionProperties) = preSolution
		HideSolutionNode = FALSE
	EndGlobalSection
	GlobalSection(ExtensibilityGlobals) = postSolution
		SolutionGuid = {BA289123-4077-422C-8470-768B2F34C025}
	EndGlobalSection
EndGlobal
